
Microsoft Visual Studio Solution File, Format Version 12.00
# Visual Studio Version 17
VisualStudioVersion = 17.0.31919.166
MinimumVisualStudioVersion = 10.0.40219.1
Project("{9A19103F-16F7-4668-BE54-9A1E7A4F7556}") = "Api", "Api\Api.csproj", "{7EB15056-96AD-46D8-9A0B-19B829F6A9B3}"
EndProject
Project("{2150E333-8FDC-42A3-9474-1A3956D46DE8}") = "src", "src", "{0017D946-82AE-4E33-8174-4784BD860310}"
EndProject
Project("{2150E333-8FDC-42A3-9474-1A3956D46DE8}") = "test", "test", "{5B868500-F057-48E6-8C59-583CBD33F210}"
EndProject
Project("{FAE04EC0-301F-11D3-BF4B-00C04F79EFBC}") = "Application", "Application\Application.csproj", "{F6AE87BC-A891-48A0-A174-7433F2F5987E}"
EndProject
Project("{FAE04EC0-301F-11D3-BF4B-00C04F79EFBC}") = "Domain", "Domain\Domain.csproj", "{4043675C-46E1-4525-A0E8-CF8EA0807FCE}"
EndProject
Project("{FAE04EC0-301F-11D3-BF4B-00C04F79EFBC}") = "Infrastructure", "Infrastructure\Infrastructure.csproj", "{0A227638-04F6-426A-A36C-74343F09E3FC}"
EndProject
Global
	GlobalSection(SolutionConfigurationPlatforms) = preSolution
		Debug|Any CPU = Debug|Any CPU
		Release|Any CPU = Release|Any CPU
	EndGlobalSection
	GlobalSection(ProjectConfigurationPlatforms) = postSolution
		{7EB15056-96AD-46D8-9A0B-19B829F6A9B3}.Debug|Any CPU.ActiveCfg = Debug|Any CPU
		{7EB15056-96AD-46D8-9A0B-19B829F6A9B3}.Debug|Any CPU.Build.0 = Debug|Any CPU
		{7EB15056-96AD-46D8-9A0B-19B829F6A9B3}.Release|Any CPU.ActiveCfg = Release|Any CPU
		{7EB15056-96AD-46D8-9A0B-19B829F6A9B3}.Release|Any CPU.Build.0 = Release|Any CPU
		{F6AE87BC-A891-48A0-A174-7433F2F5987E}.Debug|Any CPU.ActiveCfg = Debug|Any CPU
		{F6AE87BC-A891-48A0-A174-7433F2F5987E}.Debug|Any CPU.Build.0 = Debug|Any CPU
		{F6AE87BC-A891-48A0-A174-7433F2F5987E}.Release|Any CPU.ActiveCfg = Release|Any CPU
		{F6AE87BC-A891-48A0-A174-7433F2F5987E}.Release|Any CPU.Build.0 = Release|Any CPU
		{4043675C-46E1-4525-A0E8-CF8EA0807FCE}.Debug|Any CPU.ActiveCfg = Debug|Any CPU
		{4043675C-46E1-4525-A0E8-CF8EA0807FCE}.Debug|Any CPU.Build.0 = Debug|Any CPU
		{4043675C-46E1-4525-A0E8-CF8EA0807FCE}.Release|Any CPU.ActiveCfg = Release|Any CPU
		{4043675C-46E1-4525-A0E8-CF8EA0807FCE}.Release|Any CPU.Build.0 = Release|Any CPU
		{0A227638-04F6-426A-A36C-74343F09E3FC}.Debug|Any CPU.ActiveCfg = Debug|Any CPU
		{0A227638-04F6-426A-A36C-74343F09E3FC}.Debug|Any CPU.Build.0 = Debug|Any CPU
		{0A227638-04F6-426A-A36C-74343F09E3FC}.Release|Any CPU.ActiveCfg = Release|Any CPU
		{0A227638-04F6-426A-A36C-74343F09E3FC}.Release|Any CPU.Build.0 = Release|Any CPU
	EndGlobalSection
	GlobalSection(SolutionProperties) = preSolution
		HideSolutionNode = FALSE
	EndGlobalSection
	GlobalSection(NestedProjects) = preSolution
		{7EB15056-96AD-46D8-9A0B-19B829F6A9B3} = {0017D946-82AE-4E33-8174-4784BD860310}
		{F6AE87BC-A891-48A0-A174-7433F2F5987E} = {0017D946-82AE-4E33-8174-4784BD860310}
		{4043675C-46E1-4525-A0E8-CF8EA0807FCE} = {0017D946-82AE-4E33-8174-4784BD860310}
		{0A227638-04F6-426A-A36C-74343F09E3FC} = {0017D946-82AE-4E33-8174-4784BD860310}
	EndGlobalSection
	GlobalSection(ExtensibilityGlobals) = postSolution
		SolutionGuid = {49FC6B69-9190-4AAD-A784-F5F3F9005079}
	EndGlobalSection
EndGlobal
